{
  "requires": true,
  "lockfileVersion": 1,
  "dependencies": {
    "@aws-cdk/assets": {
      "version": "1.122.0",
      "resolved": "https://registry.npmjs.org/@aws-cdk/assets/-/assets-1.122.0.tgz",
      "integrity": "sha512-jNY/nXEWtoIONZnXfRr22i8PVp2JPDai4hofzu2/vnwZuJF+a+BlEI3yWzXaQMZ7ZNMnT0KSXwkaSque+1xr3g==",
      "requires": {
        "@aws-cdk/core": "1.122.0",
        "@aws-cdk/cx-api": "1.122.0",
        "constructs": "^3.3.69"
      }
    },
    "@aws-cdk/aws-apigateway": {
      "version": "1.122.0",
      "resolved": "https://registry.npmjs.org/@aws-cdk/aws-apigateway/-/aws-apigateway-1.122.0.tgz",
      "integrity": "sha512-rJlocumxO+9uvEMrLc0iUxcq0jfn/+ckvJX76TsRr7ptXO8ydfEfwBcZjNtX0ypDOv6QShZH6KbqiZimgp/GbA==",
      "requires": {
        "@aws-cdk/aws-certificatemanager": "1.122.0",
        "@aws-cdk/aws-cloudwatch": "1.122.0",
        "@aws-cdk/aws-cognito": "1.122.0",
        "@aws-cdk/aws-ec2": "1.122.0",
        "@aws-cdk/aws-elasticloadbalancingv2": "1.122.0",
        "@aws-cdk/aws-iam": "1.122.0",
        "@aws-cdk/aws-lambda": "1.122.0",
        "@aws-cdk/aws-logs": "1.122.0",
        "@aws-cdk/aws-s3": "1.122.0",
        "@aws-cdk/aws-s3-assets": "1.122.0",
        "@aws-cdk/core": "1.122.0",
        "@aws-cdk/cx-api": "1.122.0",
        "constructs": "^3.3.69"
      }
    },
    "@aws-cdk/aws-applicationautoscaling": {
      "version": "1.122.0",
      "resolved": "https://registry.npmjs.org/@aws-cdk/aws-applicationautoscaling/-/aws-applicationautoscaling-1.122.0.tgz",
      "integrity": "sha512-iLXCGgQPfkL/bSIbtJXN5VlEqLyK/mnu+y8TtSsZ6ls0o3et1vHSZoVZvbtmlXdP/F+MF40rSwKqVrU1cMb70A==",
      "requires": {
        "@aws-cdk/aws-autoscaling-common": "1.122.0",
        "@aws-cdk/aws-cloudwatch": "1.122.0",
        "@aws-cdk/aws-iam": "1.122.0",
        "@aws-cdk/core": "1.122.0",
        "constructs": "^3.3.69"
      }
    },
    "@aws-cdk/aws-autoscaling": {
      "version": "1.122.0",
      "resolved": "https://registry.npmjs.org/@aws-cdk/aws-autoscaling/-/aws-autoscaling-1.122.0.tgz",
      "integrity": "sha512-K/DNeCMxRNhtksOW6JIVDcng8FSnGQHV6ScTnYTUeJGOJpNgwF/pB+nW3Bmw4w/QNyt5lN9DnHs6NIYZjTDMCw==",
      "requires": {
        "@aws-cdk/aws-autoscaling-common": "1.122.0",
        "@aws-cdk/aws-cloudwatch": "1.122.0",
        "@aws-cdk/aws-ec2": "1.122.0",
        "@aws-cdk/aws-elasticloadbalancing": "1.122.0",
        "@aws-cdk/aws-elasticloadbalancingv2": "1.122.0",
        "@aws-cdk/aws-iam": "1.122.0",
        "@aws-cdk/aws-sns": "1.122.0",
        "@aws-cdk/core": "1.122.0",
        "constructs": "^3.3.69"
      }
    },
    "@aws-cdk/aws-autoscaling-common": {
      "version": "1.122.0",
      "resolved": "https://registry.npmjs.org/@aws-cdk/aws-autoscaling-common/-/aws-autoscaling-common-1.122.0.tgz",
      "integrity": "sha512-vTkBJGOHKr16S+4XOhkqvHfzapSKVJ+eHe599B2imhC5n3hui/ly6jc0aUGXT8r2yIUqGYuqVJLVW0OlHZRjBQ==",
      "requires": {
        "@aws-cdk/aws-iam": "1.122.0",
        "@aws-cdk/core": "1.122.0",
        "constructs": "^3.3.69"
      }
    },
    "@aws-cdk/aws-autoscaling-hooktargets": {
      "version": "1.122.0",
      "resolved": "https://registry.npmjs.org/@aws-cdk/aws-autoscaling-hooktargets/-/aws-autoscaling-hooktargets-1.122.0.tgz",
      "integrity": "sha512-4oDw8zveuEMUmOYZQ96cAVVw8o9tM1BEN1Jb+Yul+GVw2xJPzHMxbDn3IKvIqu+dL/9dabK0fq5Tpve74RHb1A==",
      "requires": {
        "@aws-cdk/aws-autoscaling": "1.122.0",
        "@aws-cdk/aws-iam": "1.122.0",
        "@aws-cdk/aws-kms": "1.122.0",
        "@aws-cdk/aws-lambda": "1.122.0",
        "@aws-cdk/aws-sns": "1.122.0",
        "@aws-cdk/aws-sns-subscriptions": "1.122.0",
        "@aws-cdk/aws-sqs": "1.122.0",
        "@aws-cdk/core": "1.122.0",
        "constructs": "^3.3.69"
      }
    },
    "@aws-cdk/aws-certificatemanager": {
      "version": "1.122.0",
      "resolved": "https://registry.npmjs.org/@aws-cdk/aws-certificatemanager/-/aws-certificatemanager-1.122.0.tgz",
      "integrity": "sha512-ULrOt7JJWBisQz9ImjXQT/lSvOHobNqBGLP8nXTltlIktPO1oqdtcqJGYq0+XXXRz99xmw6O9K5raDpAc/eKIQ==",
      "requires": {
        "@aws-cdk/aws-cloudwatch": "1.122.0",
        "@aws-cdk/aws-iam": "1.122.0",
        "@aws-cdk/aws-lambda": "1.122.0",
        "@aws-cdk/aws-route53": "1.122.0",
        "@aws-cdk/core": "1.122.0",
        "constructs": "^3.3.69"
      }
    },
    "@aws-cdk/aws-cloudformation": {
      "version": "1.122.0",
      "resolved": "https://registry.npmjs.org/@aws-cdk/aws-cloudformation/-/aws-cloudformation-1.122.0.tgz",
      "integrity": "sha512-ohI6cKwqd7YuibyvBGn9I0V8hf0MU1uHQvNRBy3teMMXOVwUrJbGKeeA5uBppAlJFmGanUpgiScEOJW9FvKW7Q==",
      "requires": {
        "@aws-cdk/aws-iam": "1.122.0",
        "@aws-cdk/aws-lambda": "1.122.0",
        "@aws-cdk/aws-s3": "1.122.0",
        "@aws-cdk/aws-sns": "1.122.0",
        "@aws-cdk/core": "1.122.0",
        "@aws-cdk/cx-api": "1.122.0",
        "constructs": "^3.3.69"
      }
    },
    "@aws-cdk/aws-cloudfront": {
      "version": "1.122.0",
      "resolved": "https://registry.npmjs.org/@aws-cdk/aws-cloudfront/-/aws-cloudfront-1.122.0.tgz",
      "integrity": "sha512-JpX2ad/EEGLUuW9guOxDChBdIzWHFG/tx6XKBO0XKgoZ/4Yqvz8CLtA0lSet5hLbly11TmKHZcCm/FoqjUj1Jw==",
      "requires": {
        "@aws-cdk/aws-certificatemanager": "1.122.0",
        "@aws-cdk/aws-cloudwatch": "1.122.0",
        "@aws-cdk/aws-ec2": "1.122.0",
        "@aws-cdk/aws-iam": "1.122.0",
        "@aws-cdk/aws-kms": "1.122.0",
        "@aws-cdk/aws-lambda": "1.122.0",
        "@aws-cdk/aws-s3": "1.122.0",
        "@aws-cdk/aws-ssm": "1.122.0",
        "@aws-cdk/core": "1.122.0",
        "@aws-cdk/cx-api": "1.122.0",
        "constructs": "^3.3.69"
      }
    },
    "@aws-cdk/aws-cloudwatch": {
      "version": "1.122.0",
      "resolved": "https://registry.npmjs.org/@aws-cdk/aws-cloudwatch/-/aws-cloudwatch-1.122.0.tgz",
      "integrity": "sha512-K7kFyc5MlWTBTxQrNg32DZWGJoYXTKxjc/5i5HJBPYPNOeG+joK+3fFiG9seBmea4O3xYMHg7vbuZxcvM7AbSA==",
      "requires": {
        "@aws-cdk/aws-iam": "1.122.0",
        "@aws-cdk/core": "1.122.0",
        "constructs": "^3.3.69"
      }
    },
    "@aws-cdk/aws-codebuild": {
      "version": "1.122.0",
      "resolved": "https://registry.npmjs.org/@aws-cdk/aws-codebuild/-/aws-codebuild-1.122.0.tgz",
      "integrity": "sha512-Wa73Y02E7LNCHAm76KnJJEikC8HuX8symoVlR9YhZnqFhG3CbynpCgzlNZIhObiUaU2u5L9r8WT3hyYK/QfN8Q==",
      "requires": {
        "@aws-cdk/aws-cloudwatch": "1.122.0",
        "@aws-cdk/aws-codecommit": "1.122.0",
        "@aws-cdk/aws-codestarnotifications": "1.122.0",
        "@aws-cdk/aws-ec2": "1.122.0",
        "@aws-cdk/aws-ecr": "1.122.0",
        "@aws-cdk/aws-ecr-assets": "1.122.0",
        "@aws-cdk/aws-events": "1.122.0",
        "@aws-cdk/aws-iam": "1.122.0",
        "@aws-cdk/aws-kms": "1.122.0",
        "@aws-cdk/aws-logs": "1.122.0",
        "@aws-cdk/aws-s3": "1.122.0",
        "@aws-cdk/aws-s3-assets": "1.122.0",
        "@aws-cdk/aws-secretsmanager": "1.122.0",
        "@aws-cdk/core": "1.122.0",
        "@aws-cdk/region-info": "1.122.0",
        "constructs": "^3.3.69",
        "yaml": "1.10.2"
      },
      "dependencies": {
        "yaml": {
          "version": "1.10.2",
          "bundled": true
        }
      }
    },
    "@aws-cdk/aws-codecommit": {
      "version": "1.122.0",
      "resolved": "https://registry.npmjs.org/@aws-cdk/aws-codecommit/-/aws-codecommit-1.122.0.tgz",
      "integrity": "sha512-vAMNkNZ5YRI/kgAX+sm3g7E0yLWHAhCFLHnTdBPTtefDxwYudP/csdKBiVOHWh+beB4pJugVLn7jPxwyB2Jc5Q==",
      "requires": {
        "@aws-cdk/aws-codestarnotifications": "1.122.0",
        "@aws-cdk/aws-events": "1.122.0",
        "@aws-cdk/aws-iam": "1.122.0",
        "@aws-cdk/core": "1.122.0",
        "constructs": "^3.3.69"
      }
    },
    "@aws-cdk/aws-codeguruprofiler": {
      "version": "1.122.0",
      "resolved": "https://registry.npmjs.org/@aws-cdk/aws-codeguruprofiler/-/aws-codeguruprofiler-1.122.0.tgz",
      "integrity": "sha512-gwMtyzr2EjvmOuzIPSM2ooUscmGZnhh/B2Zvjrl28/4UAH6EM2kOGdnZtbzFOzUqT5XqsttVfKycPFNYQscmJQ==",
      "requires": {
        "@aws-cdk/aws-iam": "1.122.0",
        "@aws-cdk/core": "1.122.0",
        "constructs": "^3.3.69"
      }
    },
    "@aws-cdk/aws-codestarnotifications": {
      "version": "1.122.0",
      "resolved": "https://registry.npmjs.org/@aws-cdk/aws-codestarnotifications/-/aws-codestarnotifications-1.122.0.tgz",
      "integrity": "sha512-STdYT94spdxtaODanwW5M0W6V9kaJ9szpPQubYXTKnpKxZ6UCKANKMj+Fqp/zJxlXQqnuaHuMtol0nA/Xt2bfg==",
      "requires": {
        "@aws-cdk/core": "1.122.0",
        "constructs": "^3.3.69"
      }
    },
    "@aws-cdk/aws-cognito": {
      "version": "1.122.0",
      "resolved": "https://registry.npmjs.org/@aws-cdk/aws-cognito/-/aws-cognito-1.122.0.tgz",
      "integrity": "sha512-eFdW890ZLaN5c7qQ0/RqQB2Ufta3aQC5tnJzGdkEb9JQfoM/fSL0s+jmpriUHUaD0wok9la34gPq7iKq55B29g==",
      "requires": {
        "@aws-cdk/aws-certificatemanager": "1.122.0",
        "@aws-cdk/aws-iam": "1.122.0",
        "@aws-cdk/aws-lambda": "1.122.0",
        "@aws-cdk/core": "1.122.0",
        "@aws-cdk/custom-resources": "1.122.0",
        "constructs": "^3.3.69",
        "punycode": "^2.1.1"
      },
      "dependencies": {
        "punycode": {
          "version": "2.1.1",
          "bundled": true
        }
      }
    },
    "@aws-cdk/aws-dynamodb": {
      "version": "1.122.0",
      "resolved": "https://registry.npmjs.org/@aws-cdk/aws-dynamodb/-/aws-dynamodb-1.122.0.tgz",
      "integrity": "sha512-zsEMFxKMxVoa3vyOP4zWD09rXaGKXbAHXhtjhY8MeupDE42ZrspZLybMHycElCVwq8JQjcq0G0oBzOodR6NnPw==",
      "requires": {
        "@aws-cdk/aws-applicationautoscaling": "1.122.0",
        "@aws-cdk/aws-cloudwatch": "1.122.0",
        "@aws-cdk/aws-iam": "1.122.0",
        "@aws-cdk/aws-kinesis": "1.122.0",
        "@aws-cdk/aws-kms": "1.122.0",
        "@aws-cdk/aws-lambda": "1.122.0",
        "@aws-cdk/core": "1.122.0",
        "@aws-cdk/custom-resources": "1.122.0",
        "constructs": "^3.3.69"
      }
    },
    "@aws-cdk/aws-ec2": {
      "version": "1.122.0",
      "resolved": "https://registry.npmjs.org/@aws-cdk/aws-ec2/-/aws-ec2-1.122.0.tgz",
      "integrity": "sha512-bKJGgd3KruFeOyP/5Fc/Ufr4BHB9+xVpXVGqCeKEInkq0f4ttWhHbfKRJdYEUBEF0xwDQEj7RM6EgaV0fdfb9g==",
      "requires": {
        "@aws-cdk/aws-cloudwatch": "1.122.0",
        "@aws-cdk/aws-iam": "1.122.0",
        "@aws-cdk/aws-kms": "1.122.0",
        "@aws-cdk/aws-logs": "1.122.0",
        "@aws-cdk/aws-s3": "1.122.0",
        "@aws-cdk/aws-s3-assets": "1.122.0",
        "@aws-cdk/aws-ssm": "1.122.0",
        "@aws-cdk/cloud-assembly-schema": "1.122.0",
        "@aws-cdk/core": "1.122.0",
        "@aws-cdk/cx-api": "1.122.0",
        "@aws-cdk/region-info": "1.122.0",
        "constructs": "^3.3.69"
      }
    },
    "@aws-cdk/aws-ecr": {
      "version": "1.122.0",
      "resolved": "https://registry.npmjs.org/@aws-cdk/aws-ecr/-/aws-ecr-1.122.0.tgz",
      "integrity": "sha512-FxM7Q/6VHquOdfWrKQArzs/91fxvZFwT/FkPIrEm+X10/voOFI6S6xRXaOlr2UVn6dji6J6DssY7YBvJq1ciOQ==",
      "requires": {
        "@aws-cdk/aws-events": "1.122.0",
        "@aws-cdk/aws-iam": "1.122.0",
        "@aws-cdk/core": "1.122.0",
        "constructs": "^3.3.69"
      }
    },
    "@aws-cdk/aws-ecr-assets": {
      "version": "1.122.0",
      "resolved": "https://registry.npmjs.org/@aws-cdk/aws-ecr-assets/-/aws-ecr-assets-1.122.0.tgz",
      "integrity": "sha512-BFYCNsUs/1Dlh41bXmFmq41RpNatqm/KHfIWA0eFNIAuG/IqOga9LF71zCBiqv4gfNmfGQg19Sq2BojGQwisVA==",
      "requires": {
        "@aws-cdk/assets": "1.122.0",
        "@aws-cdk/aws-ecr": "1.122.0",
        "@aws-cdk/aws-iam": "1.122.0",
        "@aws-cdk/aws-s3": "1.122.0",
        "@aws-cdk/core": "1.122.0",
        "@aws-cdk/cx-api": "1.122.0",
        "constructs": "^3.3.69",
        "minimatch": "^3.0.4"
      },
      "dependencies": {
        "balanced-match": {
          "version": "1.0.2",
          "bundled": true
        },
        "brace-expansion": {
          "version": "1.1.11",
          "bundled": true,
          "requires": {
            "balanced-match": "^1.0.0",
            "concat-map": "0.0.1"
          }
        },
        "concat-map": {
          "version": "0.0.1",
          "bundled": true
        },
        "minimatch": {
          "version": "3.0.4",
          "bundled": true,
          "requires": {
            "brace-expansion": "^1.1.7"
          }
        }
      }
    },
    "@aws-cdk/aws-ecs": {
      "version": "1.122.0",
      "resolved": "https://registry.npmjs.org/@aws-cdk/aws-ecs/-/aws-ecs-1.122.0.tgz",
      "integrity": "sha512-SdgRi3TsAOGigVga1HRiTsMlbkC5nosmQJ1P67rF2IcXdhoToKLFrXSLskFsO50JjmK6781efhW6xZYvvTlQ/A==",
      "requires": {
        "@aws-cdk/aws-applicationautoscaling": "1.122.0",
        "@aws-cdk/aws-autoscaling": "1.122.0",
        "@aws-cdk/aws-autoscaling-hooktargets": "1.122.0",
        "@aws-cdk/aws-certificatemanager": "1.122.0",
        "@aws-cdk/aws-cloudwatch": "1.122.0",
        "@aws-cdk/aws-ec2": "1.122.0",
        "@aws-cdk/aws-ecr": "1.122.0",
        "@aws-cdk/aws-ecr-assets": "1.122.0",
        "@aws-cdk/aws-elasticloadbalancing": "1.122.0",
        "@aws-cdk/aws-elasticloadbalancingv2": "1.122.0",
        "@aws-cdk/aws-iam": "1.122.0",
        "@aws-cdk/aws-kms": "1.122.0",
        "@aws-cdk/aws-lambda": "1.122.0",
        "@aws-cdk/aws-logs": "1.122.0",
        "@aws-cdk/aws-route53": "1.122.0",
        "@aws-cdk/aws-route53-targets": "1.122.0",
        "@aws-cdk/aws-s3": "1.122.0",
        "@aws-cdk/aws-s3-assets": "1.122.0",
        "@aws-cdk/aws-secretsmanager": "1.122.0",
        "@aws-cdk/aws-servicediscovery": "1.122.0",
        "@aws-cdk/aws-sns": "1.122.0",
        "@aws-cdk/aws-sqs": "1.122.0",
        "@aws-cdk/aws-ssm": "1.122.0",
        "@aws-cdk/core": "1.122.0",
        "@aws-cdk/cx-api": "1.122.0",
        "constructs": "^3.3.69"
      }
    },
    "@aws-cdk/aws-efs": {
      "version": "1.122.0",
      "resolved": "https://registry.npmjs.org/@aws-cdk/aws-efs/-/aws-efs-1.122.0.tgz",
      "integrity": "sha512-CFvqAVv2BX31j+tGxM2a8CaTbf2QqMoeegORRJzipykeX+wCPu/5nYA7jWOXlCLYZ2MnLRHaAZzzVtLRvgNSWw==",
      "requires": {
        "@aws-cdk/aws-ec2": "1.122.0",
        "@aws-cdk/aws-iam": "1.122.0",
        "@aws-cdk/aws-kms": "1.122.0",
        "@aws-cdk/cloud-assembly-schema": "1.122.0",
        "@aws-cdk/core": "1.122.0",
        "@aws-cdk/cx-api": "1.122.0",
        "constructs": "^3.3.69"
      }
    },
    "@aws-cdk/aws-eks": {
      "version": "1.122.0",
      "resolved": "https://registry.npmjs.org/@aws-cdk/aws-eks/-/aws-eks-1.122.0.tgz",
      "integrity": "sha512-/T876MGxQD6D9o4C6wlHoZjqYxnxU0Iw7O1fKzp4tW0A+F3ykLwls9QcYDxZlIfSEFzLhNKSKFBp8Lrfx0hHxQ==",
      "requires": {
        "@aws-cdk/aws-autoscaling": "1.122.0",
        "@aws-cdk/aws-ec2": "1.122.0",
        "@aws-cdk/aws-iam": "1.122.0",
        "@aws-cdk/aws-kms": "1.122.0",
        "@aws-cdk/aws-lambda": "1.122.0",
        "@aws-cdk/aws-ssm": "1.122.0",
        "@aws-cdk/core": "1.122.0",
        "@aws-cdk/custom-resources": "1.122.0",
        "@aws-cdk/lambda-layer-awscli": "1.122.0",
        "@aws-cdk/lambda-layer-kubectl": "1.122.0",
        "constructs": "^3.3.69",
        "yaml": "1.10.2"
      },
      "dependencies": {
        "yaml": {
          "version": "1.10.2",
          "bundled": true
        }
      }
    },
    "@aws-cdk/aws-elasticloadbalancing": {
      "version": "1.122.0",
      "resolved": "https://registry.npmjs.org/@aws-cdk/aws-elasticloadbalancing/-/aws-elasticloadbalancing-1.122.0.tgz",
      "integrity": "sha512-LdGcPIp60QLP0SGfgQlJ4N05NT7SCjwzZ3n194+bKlEs/SZ/3KdyCMg4yGKbg9MxcvOV3ADBO7JEy1oEc/b8Sg==",
      "requires": {
        "@aws-cdk/aws-ec2": "1.122.0",
        "@aws-cdk/core": "1.122.0",
        "constructs": "^3.3.69"
      }
    },
    "@aws-cdk/aws-elasticloadbalancingv2": {
      "version": "1.122.0",
      "resolved": "https://registry.npmjs.org/@aws-cdk/aws-elasticloadbalancingv2/-/aws-elasticloadbalancingv2-1.122.0.tgz",
      "integrity": "sha512-WilvbbVtulDBI1QV2uqd7vlCUKvjjDR6t+WvbaB6iNHyGLcuRF8Gs7aOiIkTbZorkzL68GrKlXmu/oj9dolVHw==",
      "requires": {
        "@aws-cdk/aws-certificatemanager": "1.122.0",
        "@aws-cdk/aws-cloudwatch": "1.122.0",
        "@aws-cdk/aws-ec2": "1.122.0",
        "@aws-cdk/aws-iam": "1.122.0",
        "@aws-cdk/aws-lambda": "1.122.0",
        "@aws-cdk/aws-s3": "1.122.0",
        "@aws-cdk/cloud-assembly-schema": "1.122.0",
        "@aws-cdk/core": "1.122.0",
        "@aws-cdk/cx-api": "1.122.0",
        "@aws-cdk/region-info": "1.122.0",
        "constructs": "^3.3.69"
      }
    },
    "@aws-cdk/aws-events": {
      "version": "1.122.0",
      "resolved": "https://registry.npmjs.org/@aws-cdk/aws-events/-/aws-events-1.122.0.tgz",
      "integrity": "sha512-Nc6flYv4Z0P6yK0rIhuUnjsOVEucgv0WdV7va3WzPzp8B253ea0XdLfpSJxGArKAH6qcmCJmd07ls+N2omzFBg==",
      "requires": {
        "@aws-cdk/aws-iam": "1.122.0",
        "@aws-cdk/core": "1.122.0",
        "constructs": "^3.3.69"
      }
    },
    "@aws-cdk/aws-globalaccelerator": {
      "version": "1.122.0",
      "resolved": "https://registry.npmjs.org/@aws-cdk/aws-globalaccelerator/-/aws-globalaccelerator-1.122.0.tgz",
      "integrity": "sha512-9fwf7nR91bKce7u0aIS7OdVVJ52KC98OfhVO7cTTGS8YHjEnHZIpmNvNWgA3KMinpsMuqiIRIWJrhj2GREis6g==",
      "requires": {
        "@aws-cdk/aws-ec2": "1.122.0",
        "@aws-cdk/core": "1.122.0",
        "@aws-cdk/custom-resources": "1.122.0",
        "constructs": "^3.3.69"
      }
    },
    "@aws-cdk/aws-iam": {
      "version": "1.122.0",
      "resolved": "https://registry.npmjs.org/@aws-cdk/aws-iam/-/aws-iam-1.122.0.tgz",
      "integrity": "sha512-IGPA+m45NFZijzRgXpKeKemt2+8Yba7Se1ru1/h7t2obhpdw/tcsTLhkBVagWGjSyw7zfVDIEJZTe5y5lxyQbw==",
      "requires": {
        "@aws-cdk/core": "1.122.0",
        "@aws-cdk/region-info": "1.122.0",
        "constructs": "^3.3.69"
      }
    },
    "@aws-cdk/aws-kinesis": {
      "version": "1.122.0",
      "resolved": "https://registry.npmjs.org/@aws-cdk/aws-kinesis/-/aws-kinesis-1.122.0.tgz",
      "integrity": "sha512-Jfjcon4IOKJOoFJ1W6aqmc/mDmSWWPx0pB6CIW4nPY4/bHEYvyVnxexTiZW0aG3ucdaur6atDc+DVqo2quyVAg==",
      "requires": {
        "@aws-cdk/aws-cloudwatch": "1.122.0",
        "@aws-cdk/aws-iam": "1.122.0",
        "@aws-cdk/aws-kms": "1.122.0",
        "@aws-cdk/aws-logs": "1.122.0",
        "@aws-cdk/core": "1.122.0",
        "constructs": "^3.3.69"
      }
    },
    "@aws-cdk/aws-kms": {
      "version": "1.122.0",
      "resolved": "https://registry.npmjs.org/@aws-cdk/aws-kms/-/aws-kms-1.122.0.tgz",
      "integrity": "sha512-oVaHgb5L4MXVt/mb1HpDr1dgVuyBNjbVe2To8WOuY1Iah6on7dh725479IObSw72lLS/5STo8XOAGKZ9h0aobA==",
      "requires": {
        "@aws-cdk/aws-iam": "1.122.0",
        "@aws-cdk/cloud-assembly-schema": "1.122.0",
        "@aws-cdk/core": "1.122.0",
        "@aws-cdk/cx-api": "1.122.0",
        "constructs": "^3.3.69"
      }
    },
    "@aws-cdk/aws-lambda": {
      "version": "1.122.0",
      "resolved": "https://registry.npmjs.org/@aws-cdk/aws-lambda/-/aws-lambda-1.122.0.tgz",
      "integrity": "sha512-tAJqGEfyrdVebq99V5vCYg8y/6lhcRlhIbSPRn4h3tKzkSfOhiXqRZD+0qfBA1nF6l64oWI5K+Y2N3DyQEemXg==",
      "requires": {
        "@aws-cdk/aws-applicationautoscaling": "1.122.0",
        "@aws-cdk/aws-cloudwatch": "1.122.0",
        "@aws-cdk/aws-codeguruprofiler": "1.122.0",
        "@aws-cdk/aws-ec2": "1.122.0",
        "@aws-cdk/aws-ecr": "1.122.0",
        "@aws-cdk/aws-ecr-assets": "1.122.0",
        "@aws-cdk/aws-efs": "1.122.0",
        "@aws-cdk/aws-events": "1.122.0",
        "@aws-cdk/aws-iam": "1.122.0",
        "@aws-cdk/aws-kms": "1.122.0",
        "@aws-cdk/aws-logs": "1.122.0",
        "@aws-cdk/aws-s3": "1.122.0",
        "@aws-cdk/aws-s3-assets": "1.122.0",
        "@aws-cdk/aws-signer": "1.122.0",
        "@aws-cdk/aws-sqs": "1.122.0",
        "@aws-cdk/core": "1.122.0",
        "@aws-cdk/cx-api": "1.122.0",
        "@aws-cdk/region-info": "1.122.0",
        "constructs": "^3.3.69"
      }
    },
    "@aws-cdk/aws-logs": {
      "version": "1.122.0",
      "resolved": "https://registry.npmjs.org/@aws-cdk/aws-logs/-/aws-logs-1.122.0.tgz",
      "integrity": "sha512-AKoqNClzvkjcFQYJoYZ9VpjmQfqVtGIJ9pTrOlfWQJV+MI7H2wyK5hiX5gOWDOyd1fqXtGTdrI/fvfIbDo2UQQ==",
      "requires": {
        "@aws-cdk/aws-cloudwatch": "1.122.0",
        "@aws-cdk/aws-iam": "1.122.0",
        "@aws-cdk/aws-kms": "1.122.0",
        "@aws-cdk/aws-s3-assets": "1.122.0",
        "@aws-cdk/core": "1.122.0",
        "constructs": "^3.3.69"
      }
    },
    "@aws-cdk/aws-route53": {
      "version": "1.122.0",
      "resolved": "https://registry.npmjs.org/@aws-cdk/aws-route53/-/aws-route53-1.122.0.tgz",
      "integrity": "sha512-rGuohz5NyujKGS2pnS78DsFS7ucvcvlzKVnah62LHYdZq9MO6ZfHpa79d1zWaeyOOS3ELD2nopAeLIfE84pEUQ==",
      "requires": {
        "@aws-cdk/aws-ec2": "1.122.0",
        "@aws-cdk/aws-iam": "1.122.0",
        "@aws-cdk/aws-logs": "1.122.0",
        "@aws-cdk/cloud-assembly-schema": "1.122.0",
        "@aws-cdk/core": "1.122.0",
        "@aws-cdk/custom-resources": "1.122.0",
        "constructs": "^3.3.69"
      }
    },
    "@aws-cdk/aws-route53-targets": {
      "version": "1.122.0",
      "resolved": "https://registry.npmjs.org/@aws-cdk/aws-route53-targets/-/aws-route53-targets-1.122.0.tgz",
      "integrity": "sha512-ZJZ2ogVr1434mSHkNJ9RdN6twMccjziqPr8IsacImJ2WnhYSddzLanvD8dZXJg/Yu4r/Jx6h5Tj0kQcEEG9XPw==",
      "requires": {
        "@aws-cdk/aws-apigateway": "1.122.0",
        "@aws-cdk/aws-cloudfront": "1.122.0",
        "@aws-cdk/aws-cognito": "1.122.0",
        "@aws-cdk/aws-ec2": "1.122.0",
        "@aws-cdk/aws-elasticloadbalancing": "1.122.0",
        "@aws-cdk/aws-elasticloadbalancingv2": "1.122.0",
        "@aws-cdk/aws-globalaccelerator": "1.122.0",
        "@aws-cdk/aws-iam": "1.122.0",
        "@aws-cdk/aws-route53": "1.122.0",
        "@aws-cdk/aws-s3": "1.122.0",
        "@aws-cdk/core": "1.122.0",
        "@aws-cdk/region-info": "1.122.0",
        "constructs": "^3.3.69"
      }
    },
    "@aws-cdk/aws-s3": {
      "version": "1.122.0",
      "resolved": "https://registry.npmjs.org/@aws-cdk/aws-s3/-/aws-s3-1.122.0.tgz",
      "integrity": "sha512-QveBi5KrUusyEc9Ap3998Gs6gUq5H5FQeYAHX+bDIsYgwOWajVStYpzefPfjnAR5TuH8+hXWVFaDzY7BaID4Uw==",
      "requires": {
        "@aws-cdk/aws-events": "1.122.0",
        "@aws-cdk/aws-iam": "1.122.0",
        "@aws-cdk/aws-kms": "1.122.0",
        "@aws-cdk/core": "1.122.0",
        "@aws-cdk/cx-api": "1.122.0",
        "constructs": "^3.3.69"
      }
    },
    "@aws-cdk/aws-s3-assets": {
      "version": "1.122.0",
      "resolved": "https://registry.npmjs.org/@aws-cdk/aws-s3-assets/-/aws-s3-assets-1.122.0.tgz",
      "integrity": "sha512-+Zqt3lK4fXoAUmGFGI5dKGe3ErwOIBrZlejTsXcO7DbrBYXGu2Wxpk3yMgsDkkSyP2uXyEnhxSqCahZOS2vRZQ==",
      "requires": {
        "@aws-cdk/assets": "1.122.0",
        "@aws-cdk/aws-iam": "1.122.0",
        "@aws-cdk/aws-kms": "1.122.0",
        "@aws-cdk/aws-s3": "1.122.0",
        "@aws-cdk/core": "1.122.0",
        "@aws-cdk/cx-api": "1.122.0",
        "constructs": "^3.3.69"
      }
    },
    "@aws-cdk/aws-sam": {
      "version": "1.122.0",
      "resolved": "https://registry.npmjs.org/@aws-cdk/aws-sam/-/aws-sam-1.122.0.tgz",
      "integrity": "sha512-POuc49ctbNHMnbEdA7vR2h2e+tWasmmYtl2vBYlGqMRNXsBm+o6LvE9+x7/kAcJArGbVB9U42FebcdQN8kAdew==",
      "requires": {
        "@aws-cdk/core": "1.122.0",
        "constructs": "^3.3.69"
      }
    },
    "@aws-cdk/aws-secretsmanager": {
      "version": "1.122.0",
      "resolved": "https://registry.npmjs.org/@aws-cdk/aws-secretsmanager/-/aws-secretsmanager-1.122.0.tgz",
      "integrity": "sha512-wsmsD4z+SSrljj0u3Nk9/xLzcRusCTxGO4JrlC4gTn5YwIhSqDbsxOauSLRHnM+/tOE6C+t5vOfFd3ZrV2YH9Q==",
      "requires": {
        "@aws-cdk/aws-ec2": "1.122.0",
        "@aws-cdk/aws-iam": "1.122.0",
        "@aws-cdk/aws-kms": "1.122.0",
        "@aws-cdk/aws-lambda": "1.122.0",
        "@aws-cdk/aws-sam": "1.122.0",
        "@aws-cdk/core": "1.122.0",
        "@aws-cdk/cx-api": "1.122.0",
        "constructs": "^3.3.69"
      }
    },
    "@aws-cdk/aws-servicediscovery": {
      "version": "1.122.0",
      "resolved": "https://registry.npmjs.org/@aws-cdk/aws-servicediscovery/-/aws-servicediscovery-1.122.0.tgz",
      "integrity": "sha512-YjdlJS4tEOqdh0h6RpJl065WZZvL0rj1Qp/pDK32bS4SFmpk5YFFwpcIX84zbJXodn9Hhbowyd3Wzm5ZQMr2MQ==",
      "requires": {
        "@aws-cdk/aws-ec2": "1.122.0",
        "@aws-cdk/aws-elasticloadbalancingv2": "1.122.0",
        "@aws-cdk/aws-route53": "1.122.0",
        "@aws-cdk/core": "1.122.0",
        "constructs": "^3.3.69"
      }
    },
    "@aws-cdk/aws-signer": {
      "version": "1.122.0",
      "resolved": "https://registry.npmjs.org/@aws-cdk/aws-signer/-/aws-signer-1.122.0.tgz",
      "integrity": "sha512-6J59KrTKtOyH1i3MxQ/9zIfYIocUgGZdqyq9cV7srZ6yUSQp1s3xR+b7LWbBUxs3UMMLXTwchhX/Birc5mXsUg==",
      "requires": {
        "@aws-cdk/core": "1.122.0",
        "constructs": "^3.3.69"
      }
    },
    "@aws-cdk/aws-sns": {
      "version": "1.122.0",
      "resolved": "https://registry.npmjs.org/@aws-cdk/aws-sns/-/aws-sns-1.122.0.tgz",
      "integrity": "sha512-nAB4eMJI4tHBsLjsLdPmwhkZkl1M8t9JFv6L1VdH6Y0yxz8V4fVOkPf2btovmVQ/oyniHX+DPkJzmyGw8lnsjQ==",
      "requires": {
        "@aws-cdk/aws-cloudwatch": "1.122.0",
        "@aws-cdk/aws-codestarnotifications": "1.122.0",
        "@aws-cdk/aws-events": "1.122.0",
        "@aws-cdk/aws-iam": "1.122.0",
        "@aws-cdk/aws-kms": "1.122.0",
        "@aws-cdk/aws-sqs": "1.122.0",
        "@aws-cdk/core": "1.122.0",
        "constructs": "^3.3.69"
      }
    },
    "@aws-cdk/aws-sns-subscriptions": {
      "version": "1.122.0",
      "resolved": "https://registry.npmjs.org/@aws-cdk/aws-sns-subscriptions/-/aws-sns-subscriptions-1.122.0.tgz",
      "integrity": "sha512-kWshuZLSrniXkROAv9TzA3SyTv/hR0Z5uTRIBuHcG5tkR0OaAFomGW3DUfddAI8a4N7rq6u15cSOWPzLVK4EcQ==",
      "requires": {
        "@aws-cdk/aws-iam": "1.122.0",
        "@aws-cdk/aws-kms": "1.122.0",
        "@aws-cdk/aws-lambda": "1.122.0",
        "@aws-cdk/aws-sns": "1.122.0",
        "@aws-cdk/aws-sqs": "1.122.0",
        "@aws-cdk/core": "1.122.0",
        "constructs": "^3.3.69"
      }
    },
    "@aws-cdk/aws-sqs": {
      "version": "1.122.0",
      "resolved": "https://registry.npmjs.org/@aws-cdk/aws-sqs/-/aws-sqs-1.122.0.tgz",
      "integrity": "sha512-ZamVuEfLMj8JpidjqbYR6jiAIvc8yl/WUoDS73nrypWFZf5G9IF7dDPMZ6NXGKnwF6WUD629UpUNgB7grmB4Qg==",
      "requires": {
        "@aws-cdk/aws-cloudwatch": "1.122.0",
        "@aws-cdk/aws-iam": "1.122.0",
        "@aws-cdk/aws-kms": "1.122.0",
        "@aws-cdk/core": "1.122.0",
        "constructs": "^3.3.69"
      }
    },
    "@aws-cdk/aws-ssm": {
      "version": "1.122.0",
      "resolved": "https://registry.npmjs.org/@aws-cdk/aws-ssm/-/aws-ssm-1.122.0.tgz",
      "integrity": "sha512-yoB4tUeV8GgA2MylEMAXlJQUbD9mvOUoZk9zTEGmNyjhpTZBGB24YbBfeoqnq2Igh9PfAlNZkPtguGp/tPZVJQ==",
      "requires": {
        "@aws-cdk/aws-iam": "1.122.0",
        "@aws-cdk/aws-kms": "1.122.0",
        "@aws-cdk/cloud-assembly-schema": "1.122.0",
        "@aws-cdk/core": "1.122.0",
        "constructs": "^3.3.69"
      }
    },
    "@aws-cdk/aws-stepfunctions": {
      "version": "1.122.0",
      "resolved": "https://registry.npmjs.org/@aws-cdk/aws-stepfunctions/-/aws-stepfunctions-1.122.0.tgz",
      "integrity": "sha512-X7tAW2gtWRdwoIRPMUIoYnCGDgSyPZK8p3NpvmOX8BDocCTKJQcvp+x58nDHTGU0u9znpePd6hULA1A7OuCy+A==",
      "requires": {
        "@aws-cdk/aws-cloudwatch": "1.122.0",
        "@aws-cdk/aws-events": "1.122.0",
        "@aws-cdk/aws-iam": "1.122.0",
        "@aws-cdk/aws-logs": "1.122.0",
        "@aws-cdk/aws-s3": "1.122.0",
        "@aws-cdk/core": "1.122.0",
        "constructs": "^3.3.69"
      }
    },
    "@aws-cdk/aws-stepfunctions-tasks": {
      "version": "1.122.0",
      "resolved": "https://registry.npmjs.org/@aws-cdk/aws-stepfunctions-tasks/-/aws-stepfunctions-tasks-1.122.0.tgz",
      "integrity": "sha512-AFnttLbi9ZcRB/eSJ3DCWBj3v2NoTxlVidkmf0e11ewzJ3ML/PK21kqzhSqBLz2dEkh5U2alee3sXS/8WjObnQ==",
      "requires": {
        "@aws-cdk/aws-apigateway": "1.122.0",
        "@aws-cdk/aws-cloudwatch": "1.122.0",
        "@aws-cdk/aws-codebuild": "1.122.0",
        "@aws-cdk/aws-dynamodb": "1.122.0",
        "@aws-cdk/aws-ec2": "1.122.0",
        "@aws-cdk/aws-ecr": "1.122.0",
        "@aws-cdk/aws-ecr-assets": "1.122.0",
        "@aws-cdk/aws-ecs": "1.122.0",
        "@aws-cdk/aws-eks": "1.122.0",
        "@aws-cdk/aws-events": "1.122.0",
        "@aws-cdk/aws-iam": "1.122.0",
        "@aws-cdk/aws-kms": "1.122.0",
        "@aws-cdk/aws-lambda": "1.122.0",
        "@aws-cdk/aws-s3": "1.122.0",
        "@aws-cdk/aws-sns": "1.122.0",
        "@aws-cdk/aws-sqs": "1.122.0",
        "@aws-cdk/aws-stepfunctions": "1.122.0",
        "@aws-cdk/core": "1.122.0",
        "constructs": "^3.3.69"
      }
    },
    "@aws-cdk/cloud-assembly-schema": {
      "version": "1.122.0",
      "resolved": "https://registry.npmjs.org/@aws-cdk/cloud-assembly-schema/-/cloud-assembly-schema-1.122.0.tgz",
      "integrity": "sha512-xyVIaRZbQEoVI8VPbgreK18o0BVVthavn3zUKw6p+S1NF+FMgqatTLU0pq+bMLOHwI/zyNKuZs3KhBoMLyhZMA==",
      "requires": {
        "jsonschema": "^1.4.0",
        "semver": "^7.3.5"
      },
      "dependencies": {
        "jsonschema": {
          "version": "1.4.0",
          "bundled": true
        },
        "lru-cache": {
          "version": "6.0.0",
          "bundled": true,
          "requires": {
            "yallist": "^4.0.0"
          }
        },
        "semver": {
          "version": "7.3.5",
          "bundled": true,
          "requires": {
            "lru-cache": "^6.0.0"
          }
        },
        "yallist": {
          "version": "4.0.0",
          "bundled": true
        }
      }
    },
    "@aws-cdk/core": {
      "version": "1.122.0",
      "resolved": "https://registry.npmjs.org/@aws-cdk/core/-/core-1.122.0.tgz",
      "integrity": "sha512-8yQmOH1e4YvL/MVIDQj2JS1YeijIePshP2fPw7X5iP4tdLcPcHPTXHXJAp2ARF7XL5u03juVENn/hG7G0B91nw==",
      "requires": {
        "@aws-cdk/cloud-assembly-schema": "1.122.0",
        "@aws-cdk/cx-api": "1.122.0",
        "@aws-cdk/region-info": "1.122.0",
        "@balena/dockerignore": "^1.0.2",
        "constructs": "^3.3.69",
        "fs-extra": "^9.1.0",
        "ignore": "^5.1.8",
        "minimatch": "^3.0.4"
      },
      "dependencies": {
        "@balena/dockerignore": {
          "version": "1.0.2",
          "bundled": true
        },
        "at-least-node": {
          "version": "1.0.0",
          "bundled": true
        },
        "balanced-match": {
          "version": "1.0.2",
          "bundled": true
        },
        "brace-expansion": {
          "version": "1.1.11",
          "bundled": true,
          "requires": {
            "balanced-match": "^1.0.0",
            "concat-map": "0.0.1"
          }
        },
        "concat-map": {
          "version": "0.0.1",
          "bundled": true
        },
        "fs-extra": {
          "version": "9.1.0",
          "bundled": true,
          "requires": {
            "at-least-node": "^1.0.0",
            "graceful-fs": "^4.2.0",
            "jsonfile": "^6.0.1",
            "universalify": "^2.0.0"
          }
        },
        "graceful-fs": {
          "version": "4.2.6",
          "bundled": true
        },
        "ignore": {
          "version": "5.1.8",
          "bundled": true
        },
        "jsonfile": {
          "version": "6.1.0",
          "bundled": true,
          "requires": {
            "graceful-fs": "^4.1.6",
            "universalify": "^2.0.0"
          }
        },
        "minimatch": {
          "version": "3.0.4",
          "bundled": true,
          "requires": {
            "brace-expansion": "^1.1.7"
          }
        },
        "universalify": {
          "version": "2.0.0",
          "bundled": true
        }
      }
    },
    "@aws-cdk/custom-resources": {
      "version": "1.122.0",
      "resolved": "https://registry.npmjs.org/@aws-cdk/custom-resources/-/custom-resources-1.122.0.tgz",
      "integrity": "sha512-vdipr6cpCIYl0lokS0HQI3kY34mqpxns82+MzqYc95xZ7HPYOjnP0aKqL+UKIpaQsTVVUkOqfxZ9cXNdv04Xag==",
      "requires": {
        "@aws-cdk/aws-cloudformation": "1.122.0",
        "@aws-cdk/aws-ec2": "1.122.0",
        "@aws-cdk/aws-iam": "1.122.0",
        "@aws-cdk/aws-lambda": "1.122.0",
        "@aws-cdk/aws-logs": "1.122.0",
        "@aws-cdk/aws-sns": "1.122.0",
        "@aws-cdk/core": "1.122.0",
        "constructs": "^3.3.69"
      }
    },
    "@aws-cdk/cx-api": {
      "version": "1.122.0",
      "resolved": "https://registry.npmjs.org/@aws-cdk/cx-api/-/cx-api-1.122.0.tgz",
      "integrity": "sha512-x2SPWc3RNBWi5UBdq/gZvW5He9X5NRb2j9pcBcUPhVSSEB7Fl5lqPU82q8mBy+76zHkfWILpLGJr/jNQ4ZRAeA==",
      "requires": {
        "@aws-cdk/cloud-assembly-schema": "1.122.0",
        "semver": "^7.3.5"
      },
      "dependencies": {
        "lru-cache": {
          "version": "6.0.0",
          "bundled": true,
          "requires": {
            "yallist": "^4.0.0"
          }
        },
        "semver": {
          "version": "7.3.5",
          "bundled": true,
          "requires": {
            "lru-cache": "^6.0.0"
          }
        },
        "yallist": {
          "version": "4.0.0",
          "bundled": true
        }
      }
    },
    "@aws-cdk/lambda-layer-awscli": {
      "version": "1.122.0",
      "resolved": "https://registry.npmjs.org/@aws-cdk/lambda-layer-awscli/-/lambda-layer-awscli-1.122.0.tgz",
      "integrity": "sha512-ecWutnWFluWYgAjGORiHUTvCCcD24FPl0b6NqT2Ex5vQmTXHCO4CdHncL0CIwQwNE6zGzQitTKEc3snumGVGng==",
      "requires": {
        "@aws-cdk/aws-lambda": "1.122.0",
        "@aws-cdk/core": "1.122.0",
        "constructs": "^3.3.69"
      }
    },
    "@aws-cdk/lambda-layer-kubectl": {
      "version": "1.122.0",
      "resolved": "https://registry.npmjs.org/@aws-cdk/lambda-layer-kubectl/-/lambda-layer-kubectl-1.122.0.tgz",
      "integrity": "sha512-TxZUaAUMCQbTeZPz8PWVOU/b/gMEHOoJ2AONNhYB/vDNHNBPdReBguCh6BLWYtIXlfWBrAJ3kluTmsZFGIGlvA==",
      "requires": {
        "@aws-cdk/aws-lambda": "1.122.0",
        "@aws-cdk/core": "1.122.0",
        "constructs": "^3.3.69"
      }
    },
    "@aws-cdk/region-info": {
      "version": "1.122.0",
      "resolved": "https://registry.npmjs.org/@aws-cdk/region-info/-/region-info-1.122.0.tgz",
      "integrity": "sha512-6nFk66RE+PYh85aU07tA3TxsfKUHZZxnPITidwnyJYZ2OgimxMRIuWQce1bSLkZrcaQhachcJTJ1o8mF20kJmg=="
    },
    "constructs": {
      "version": "3.3.147",
      "resolved": "https://registry.npmjs.org/constructs/-/constructs-3.3.147.tgz",
      "integrity": "sha512-xTSA87W5hscsHdFC2NcbJWALeMt8QWoCvVXRHPIuoBDDXdvBuNoqL2a5kY1yEWSMLQvBPnrDyinfz3twTX6dAw=="
    }
  }
}
